<?xml version="1.0" encoding="utf-8"?>
<Project ToolsVersion="4.0" xmlns="http://schemas.microsoft.com/developer/msbuild/2003">
  <ItemGroup>
    <Filter Include="소스 파일">
      <UniqueIdentifier>{4FC737F1-C7A5-4376-A066-2A32D752A2FF}</UniqueIdentifier>
      <Extensions>cpp;c;cc;cxx;c++;cppm;ixx;def;odl;idl;hpj;bat;asm;asmx</Extensions>
    </Filter>
    <Filter Include="헤더 파일">
      <UniqueIdentifier>{93995380-89BD-4b04-88EB-625FBE52EBFB}</UniqueIdentifier>
      <Extensions>h;hh;hpp;hxx;h++;hm;inl;inc;ipp;xsd</Extensions>
    </Filter>
    <Filter Include="리소스 파일">
      <UniqueIdentifier>{67DA6AB6-F800-4c08-8B7A-83BB121AAD01}</UniqueIdentifier>
      <Extensions>rc;ico;cur;bmp;dlg;rc2;rct;bin;rgs;gif;jpg;jpeg;jpe;resx;tiff;tif;png;wav;mfcribbon-ms</Extensions>
    </Filter>
    <Filter Include="소스 파일\Renderer">
      <UniqueIdentifier>{d22333f4-3569-4648-bc15-a493044bd0f8}</UniqueIdentifier>
    </Filter>
    <Filter Include="소스 파일\App">
      <UniqueIdentifier>{8ba84851-6708-4e11-8ba3-617fc3738aee}</UniqueIdentifier>
    </Filter>
    <Filter Include="소스 파일\Renderer\Shader">
      <UniqueIdentifier>{53916aac-3a28-42fc-8923-ddd2bcaf99bd}</UniqueIdentifier>
    </Filter>
    <Filter Include="소스 파일\Renderer\Shader\HLSL">
      <UniqueIdentifier>{b30a2d9e-7976-4799-baf4-b8cab75edb98}</UniqueIdentifier>
    </Filter>
    <Filter Include="소스 파일\Renderer\DX12Wrapper">
      <UniqueIdentifier>{1cef2ef1-2570-4108-95ef-13dff4c98ea7}</UniqueIdentifier>
    </Filter>
    <Filter Include="소스 파일\Scene">
      <UniqueIdentifier>{ec9aab73-7280-4f95-9e0f-103c579cc275}</UniqueIdentifier>
    </Filter>
    <Filter Include="소스 파일\Scene\MainScene">
      <UniqueIdentifier>{8e55888e-98b4-4927-9920-46ae9e16bb71}</UniqueIdentifier>
    </Filter>
    <Filter Include="외부">
      <UniqueIdentifier>{17114279-4526-436c-a421-b86b3c469be8}</UniqueIdentifier>
    </Filter>
    <Filter Include="외부\DDS">
      <UniqueIdentifier>{e06e492f-e40b-4485-915c-9878aa6f50b3}</UniqueIdentifier>
    </Filter>
    <Filter Include="소스 파일\Scene\ResourceManager">
      <UniqueIdentifier>{0e698981-94fb-407c-a552-42d16ed5fb93}</UniqueIdentifier>
    </Filter>
    <Filter Include="소스 파일\ECS">
      <UniqueIdentifier>{eeba6587-7e65-46da-9c34-198b13dbb644}</UniqueIdentifier>
    </Filter>
    <Filter Include="소스 파일\ECS\Entity">
      <UniqueIdentifier>{2a528b67-111b-489e-a4cd-6fef75f34f8d}</UniqueIdentifier>
    </Filter>
    <Filter Include="소스 파일\ECS\Component">
      <UniqueIdentifier>{d1c394c0-e1ef-4cf3-be67-f6eb8c0ca8f1}</UniqueIdentifier>
    </Filter>
    <Filter Include="소스 파일\ECS\System">
      <UniqueIdentifier>{a54aaff0-62fa-42be-aca7-eb3374f7e6ea}</UniqueIdentifier>
    </Filter>
    <Filter Include="소스 파일\Scene\SceneData">
      <UniqueIdentifier>{79e4a2b9-504a-49db-8ac5-60e54b25aef3}</UniqueIdentifier>
    </Filter>
    <Filter Include="소스 파일\Scene\SceneData\Mesh">
      <UniqueIdentifier>{979dc6b6-e94e-47f7-a39b-6a9e1fd2ce2f}</UniqueIdentifier>
    </Filter>
    <Filter Include="소스 파일\Scene\SceneData\Material">
      <UniqueIdentifier>{71be48e2-54b1-40a5-87f7-673304bcdb45}</UniqueIdentifier>
    </Filter>
    <Filter Include="소스 파일\Network">
      <UniqueIdentifier>{8d888797-b4da-4bac-afba-cc90220bda4d}</UniqueIdentifier>
    </Filter>
    <Filter Include="소스 파일\App\Input">
      <UniqueIdentifier>{8449eccb-33e6-41d5-8087-5a3df0847c29}</UniqueIdentifier>
    </Filter>
    <Filter Include="소스 파일\App\Timer">
      <UniqueIdentifier>{291f99da-0d1f-4a1e-953c-ee268ee8509b}</UniqueIdentifier>
    </Filter>
    <Filter Include="소스 파일\Scene\SceneData\Light">
      <UniqueIdentifier>{c3d45ae8-73d7-4e8f-b8ce-ba2407ecf4e6}</UniqueIdentifier>
    </Filter>
  </ItemGroup>
  <ItemGroup>
    <ClInclude Include="Include\framework.h">
      <Filter>헤더 파일</Filter>
    </ClInclude>
    <ClInclude Include="Include\OnDebug.h">
      <Filter>헤더 파일</Filter>
    </ClInclude>
    <ClInclude Include="Include\mymath.h">
      <Filter>헤더 파일</Filter>
    </ClInclude>
    <ClInclude Include="Include\Renderer\Renderer.h">
      <Filter>소스 파일\Renderer</Filter>
    </ClInclude>
    <ClInclude Include="Include\Shader\Shader.h">
      <Filter>소스 파일\Renderer\Shader</Filter>
    </ClInclude>
    <ClInclude Include="Include\Shader\TestShader.h">
      <Filter>소스 파일\Renderer\Shader</Filter>
    </ClInclude>
    <ClInclude Include="Include\Renderer\COOLResource.h">
      <Filter>소스 파일\Renderer\DX12Wrapper</Filter>
    </ClInclude>
    <ClInclude Include="Include\Shader\SkyboxShader.h">
      <Filter>소스 파일\Renderer\Shader</Filter>
    </ClInclude>
    <ClInclude Include="Include\Mesh\Mesh.h">
      <Filter>소스 파일\Scene\SceneData\Mesh</Filter>
    </ClInclude>
    <ClInclude Include="Include\Shader\MeshShader.h">
      <Filter>소스 파일\Renderer\Shader</Filter>
    </ClInclude>
    <ClInclude Include="Include\DXMath.h">
      <Filter>헤더 파일</Filter>
    </ClInclude>
    <ClInclude Include="Include\Scene\Scene.h">
      <Filter>소스 파일\Scene</Filter>
    </ClInclude>
    <ClInclude Include="Include\Scene\SceneManager.h">
      <Filter>소스 파일\Scene</Filter>
    </ClInclude>
    <ClInclude Include="Include\Scene\TestMainScene.h">
      <Filter>소스 파일\Scene\MainScene</Filter>
    </ClInclude>
    <ClInclude Include="Include\Material\Material.h">
      <Filter>소스 파일\Scene\SceneData\Material</Filter>
    </ClInclude>
    <ClInclude Include="External\Include\DDSTextureLoader12.h">
      <Filter>외부\DDS</Filter>
    </ClInclude>
    <ClInclude Include="Include\Enums.h">
      <Filter>헤더 파일</Filter>
    </ClInclude>
    <ClInclude Include="Include\Vertex.h">
      <Filter>소스 파일\Scene\SceneData\Mesh</Filter>
    </ClInclude>
    <ClInclude Include="Include\Scene\ResourceManager.h">
      <Filter>소스 파일\Scene\ResourceManager</Filter>
    </ClInclude>
    <ClInclude Include="Include\ECS\Entity.h">
      <Filter>소스 파일\ECS\Entity</Filter>
    </ClInclude>
    <ClInclude Include="Include\ECS\Component.h">
      <Filter>소스 파일\ECS\Component</Filter>
    </ClInclude>
    <ClInclude Include="Include\ECS\ECSManager.h">
      <Filter>소스 파일\ECS</Filter>
    </ClInclude>
    <ClInclude Include="Include\ECS\ECS_System.h">
      <Filter>소스 파일\ECS\System</Filter>
    </ClInclude>
    <ClInclude Include="Include\Network\Client.h">
      <Filter>소스 파일\Network</Filter>
    </ClInclude>
    <ClInclude Include="Include\App\Application.h">
      <Filter>소스 파일\App</Filter>
    </ClInclude>
    <ClInclude Include="Include\App\InputManager.h">
      <Filter>소스 파일\App\Input</Filter>
    </ClInclude>
    <ClInclude Include="Include\App\Timer.h">
      <Filter>소스 파일\App\Timer</Filter>
    </ClInclude>
    <ClInclude Include="Include\Light.h">
      <Filter>소스 파일\Scene\SceneData\Light</Filter>
    </ClInclude>
  </ItemGroup>
  <ItemGroup>
    <ClCompile Include="Include\main.cpp">
      <Filter>소스 파일</Filter>
    </ClCompile>
    <ClCompile Include="Include\Renderer\Renderer.cpp">
      <Filter>소스 파일\Renderer</Filter>
    </ClCompile>
    <ClCompile Include="Include\Shader\Shader.cpp">
      <Filter>소스 파일\Renderer\Shader</Filter>
    </ClCompile>
    <ClCompile Include="Include\Shader\TestShader.cpp">
      <Filter>소스 파일\Renderer\Shader</Filter>
    </ClCompile>
    <ClCompile Include="Include\Shader\HLSL\TestShader.hlsl">
      <Filter>소스 파일\Renderer\Shader\HLSL</Filter>
    </ClCompile>
    <ClCompile Include="Include\Renderer\COOLResource.cpp">
      <Filter>소스 파일\Renderer\DX12Wrapper</Filter>
    </ClCompile>
    <ClCompile Include="Include\Shader\SkyboxShader.cpp">
      <Filter>소스 파일\Renderer\Shader</Filter>
    </ClCompile>
    <ClCompile Include="Include\framework.cpp">
      <Filter>소스 파일</Filter>
    </ClCompile>
    <ClCompile Include="Include\Mesh\Mesh.cpp">
      <Filter>소스 파일\Scene\SceneData\Mesh</Filter>
    </ClCompile>
    <ClCompile Include="Include\Shader\MeshShader.cpp">
      <Filter>소스 파일\Renderer\Shader</Filter>
    </ClCompile>
    <ClCompile Include="Include\Scene\Scene.cpp">
      <Filter>소스 파일\Scene</Filter>
    </ClCompile>
    <ClCompile Include="Include\Scene\SceneManager.cpp">
      <Filter>소스 파일\Scene</Filter>
    </ClCompile>
    <ClCompile Include="Include\Scene\TestMainScene.cpp">
      <Filter>소스 파일\Scene\MainScene</Filter>
    </ClCompile>
    <ClCompile Include="Include\Material\Material.cpp">
      <Filter>소스 파일\Scene\SceneData\Material</Filter>
    </ClCompile>
    <ClCompile Include="External\Include\DDSTextureLoader12.cpp">
      <Filter>외부\DDS</Filter>
    </ClCompile>
    <ClCompile Include="Include\Scene\ResourceManager.cpp">
      <Filter>소스 파일\Scene\ResourceManager</Filter>
    </ClCompile>
    <ClCompile Include="Include\ECS\Entity.cpp">
      <Filter>소스 파일\ECS\Entity</Filter>
    </ClCompile>
    <ClCompile Include="Include\ECS\Component.cpp">
      <Filter>소스 파일\ECS\Component</Filter>
    </ClCompile>
    <ClCompile Include="Include\ECS\ECSManager.cpp">
      <Filter>소스 파일\ECS</Filter>
    </ClCompile>
    <ClCompile Include="Include\ECS\ECS_System.cpp">
      <Filter>소스 파일\ECS\System</Filter>
    </ClCompile>
    <ClCompile Include="Include\Network\Client.cpp">
      <Filter>소스 파일\Network</Filter>
    </ClCompile>
    <ClCompile Include="Include\App\Application.cpp">
      <Filter>소스 파일\App</Filter>
    </ClCompile>
    <ClCompile Include="Include\App\InputManager.cpp">
      <Filter>소스 파일\App\Input</Filter>
    </ClCompile>
    <ClCompile Include="Include\App\Timer.cpp">
      <Filter>소스 파일\App\Timer</Filter>
    </ClCompile>
  </ItemGroup>
  <ItemGroup>
    <Text Include="Include\대충정리좀하자.txt">
      <Filter>리소스 파일</Filter>
    </Text>
  </ItemGroup>
  <ItemGroup>
    <FxCompile Include="Include\Shader\HLSL\TestRootSignature.hlsl">
      <Filter>소스 파일\Renderer\Shader\HLSL</Filter>
    </FxCompile>
    <FxCompile Include="Include\Shader\HLSL\TestSkyBoxShader.hlsl">
      <Filter>소스 파일\Renderer\Shader\HLSL</Filter>
    </FxCompile>
    <FxCompile Include="Include\Shader\HLSL\ShaderBaseParameters.hlsl">
      <Filter>소스 파일\Renderer\Shader\HLSL</Filter>
    </FxCompile>
    <FxCompile Include="Include\Shader\HLSL\TestMeshShader.hlsl">
      <Filter>소스 파일\Renderer\Shader\HLSL</Filter>
    </FxCompile>
    <FxCompile Include="Include\Shader\HLSL\TestMeshShaderMRT.hlsl">
      <Filter>소스 파일\Renderer\Shader\HLSL</Filter>
    </FxCompile>
    <FxCompile Include="Include\Shader\HLSL\MRTPostProcessing.hlsl">
      <Filter>소스 파일\Renderer\Shader\HLSL</Filter>
    </FxCompile>
  </ItemGroup>
</Project>